github.com/dgrijalva/jwt-go v3.2.0+incompatible h1:7qlOGliEKZXTDg6OTjfoBKDXWrumCAMpl/TFQ4/5kLM=
github.com/dgrijalva/jwt-go v3.2.0+incompatible/go.mod h1:E3ru+11k8xSBh+hMPgOLZmtrrCbhqsmaPHjLKYnJCaQ=
github.com/facebookgo/inject v0.0.0-20161006174721-cc1aa653e50f/go.mod h1:oO8UHw+fDHjDsk4CTy/E96WDzFUYozAtBAaGNoVL0+c=
github.com/facebookgo/inject v0.0.0-20180706035515-f23751cae28b h1:V6c4/dSTNhSaNn4c5ulbakfv277qCvs7byFYv7P83iQ=
github.com/facebookgo/inject v0.0.0-20180706035515-f23751cae28b/go.mod h1:oO8UHw+fDHjDsk4CTy/E96WDzFUYozAtBAaGNoVL0+c=
github.com/facebookgo/structtag v0.0.0-20150214074306-217e25fb9691 h1:KnnwHN59Jxec0htA2pe/i0/WI9vxXLQifdhBrP3lqcQ=
github.com/facebookgo/structtag v0.0.0-20150214074306-217e25fb9691/go.mod h1:sKLL1iua/0etWfo/nPCmyz+v2XDMXy+Ho53W7RAuZNY=
github.com/go-stack/stack v1.7.0 h1:S04+lLfST9FvL8dl4R31wVUC/paZp/WQZbLmUgWboGw=
github.com/go-stack/stack v1.7.0/go.mod h1:v0f6uXyyMGvRgIKkXu+yp6POWl0qKG85gN/melR3HDY=
github.com/gorilla/websocket v1.2.0/go.mod h1:E7qHFY5m1UJ88s3WnNqhKjPHQ0heANvMoAMk2YaljkQ=
github.com/gorilla/websocket v1.4.0 h1:WDFjx/TMzVgy9VdMMQi2K2Emtwi2QcUQsztZ/zLaH/Q=
github.com/gorilla/websocket v1.4.0/go.mod h1:E7qHFY5m1UJ88s3WnNqhKjPHQ0heANvMoAMk2YaljkQ=
github.com/labstack/echo v3.3.5+incompatible h1:9PfxPUmasKzeJor9uQTaXLT6WUG/r+vSTmvXxvv3JO4=
github.com/labstack/echo v3.3.5+incompatible/go.mod h1:0INS7j/VjnFxD4E2wkz67b8cVwCLbBmJyDaka6Cmk1s=
github.com/labstack/gommon v0.0.0-20180426014445-588f4e8bddc6 h1:Bhy+PiVd7K95/ZFdGLLT2t/irnSxJmmQi/aa6AHQ5UY=
github.com/labstack/gommon v0.0.0-20180426014445-588f4e8bddc6/go.mod h1:/tj9csK2iPSBvn+3NLM9e52usepMtrd5ilFYA+wQNJ4=
github.com/mattn/go-colorable v0.0.9 h1:UVL0vNpWh04HeJXV0KLcaT7r06gOH2l4OW6ddYRUIY4=
github.com/mattn/go-colorable v0.0.9/go.mod h1:9vuHe8Xs5qXnSaW/c/ABM9alt+Vo+STaOChaDxuIBZU=
github.com/mattn/go-isatty v0.0.3 h1:ns/ykhmWi7G9O+8a448SecJU3nSMBXJfqQkl0upE1jI=
github.com/mattn/go-isatty v0.0.3/go.mod h1:M+lRXTBqGeGNdLjl/ufCoiOlB5xdOkqRJdNxMWT7Zi4=
github.com/pebbe/zmq4 v1.0.0 h1:D+MSmPpqkL5PSSmnh8g51ogirUCyemThuZzLW7Nrt78=
github.com/pebbe/zmq4 v1.0.0/go.mod h1:7N4y5R18zBiu3l0vajMUWQgZyjv464prE8RCyBcmnZM=
github.com/pkg/errors v0.8.0 h1:WdK/asTD0HN+q6hsWO3/vpuAkAr+tw6aNJNDFFf0+qw=
github.com/pkg/errors v0.8.0/go.mod h1:bwawxfHBFNV+L2hUp1rHADufV3IMtnDRdf1r5NINEl0=
github.com/valyala/bytebufferpool v1.0.0 h1:GqA5TC/0021Y/b9FG4Oi9Mr3q7XYx6KllzawFIhcdPw=
github.com/valyala/bytebufferpool v1.0.0/go.mod h1:6bBcMArwyJ5K/AmCkWv1jt77kVWyCJ6HpOuEn7z0Csc=
github.com/valyala/fasttemplate v0.0.0-20170224212429-dcecefd839c4 h1:gKMu1Bf6QINDnvyZuTaACm9ofY+PRh+5vFz4oxBZeF8=
github.com/valyala/fasttemplate v0.0.0-20170224212429-dcecefd839c4/go.mod h1:50wTf68f99/Zt14pr046Tgt3Lp2vLyFZKzbFXTOabXw=
golang.org/x/crypto v0.0.0-20180608092829-8ac0e0d97ce4 h1:wviDUSmtheHRBfoY8B9U8ELl2USoXi2YFwdGdpIIkzI=
golang.org/x/crypto v0.0.0-20180608092829-8ac0e0d97ce4/go.mod h1:6SG95UA2DQfeDnfUPMdvaQW0Q7yPrPDi9nlGo2tz2b4=
golang.org/x/sys v0.0.0-20180606202747-9527bec2660b/go.mod h1:STP8DvDyc/dI5b8T5hshtkjS+E42TnysNCUPdjciGhY=
gopkg.in/inconshreveable/log15.v2 v2.0.0-20171019012758-0decfc6c20d9/go.mod h1:aPpfJ7XW+gOuirDoZ8gHhLh3kZ1B08FtV2bbmy7Jv3s=
gopkg.in/inconshreveable/log15.v2 v2.0.0-20180818164646-67afb5ed74ec h1:RlWgLqCMMIYYEVcAR5MDsuHlVkaIPDAF+5Dehzg8L5A=
gopkg.in/inconshreveable/log15.v2 v2.0.0-20180818164646-67afb5ed74ec/go.mod h1:aPpfJ7XW+gOuirDoZ8gHhLh3kZ1B08FtV2bbmy7Jv3s=
gopkg.in/mgo.v2 v2.0.0-20160818020120-3f83fa500528/go.mod h1:yeKp02qBN3iKW1OzL3MGk2IdtZzaj7SFntXj72NppTA=
gopkg.in/mgo.v2 v2.0.0-20180705113604-9856a29383ce h1:xcEWjVhvbDy+nHP67nPDDpbYrY+ILlfndk4bRioVHaU=
gopkg.in/mgo.v2 v2.0.0-20180705113604-9856a29383ce/go.mod h1:yeKp02qBN3iKW1OzL3MGk2IdtZzaj7SFntXj72NppTA=
